{
  "name": "dns_local_ip",
  "version": "1.0.0",
  "lockfileVersion": 2,
  "requires": true,
  "packages": {
    "": {
      "name": "dns_local_ip",
      "version": "1.0.0",
      "license": "ISC",
      "dependencies": {
        "dns2": "^2.0.5"
      }
    },
    "node_modules/dns2": {
      "version": "2.0.5",
      "resolved": "https://registry.npmjs.org/dns2/-/dns2-2.0.5.tgz",
      "integrity": "sha512-dznYrQU+Txcz++klGLBY9YR3WLOGHTy2vAKAqF+yYw1KaKFm5f5Y4jbbFEvohJf8YtZ0J2SzZlZx2k6LV4zJqQ=="
    }
  },
  "dependencies": {
    "dns2": {
      "version": "2.0.5",
      "resolved": "https://registry.npmjs.org/dns2/-/dns2-2.0.5.tgz",
      "integrity": "sha512-dznYrQU+Txcz++klGLBY9YR3WLOGHTy2vAKAqF+yYw1KaKFm5f5Y4jbbFEvohJf8YtZ0J2SzZlZx2k6LV4zJqQ=="
    }
  }
}
